
Microsoft Visual Studio Solution File, Format Version 12.00
# Visual Studio Version 17
VisualStudioVersion = 17.11.35312.102
MinimumVisualStudioVersion = 10.0.40219.1
Project("{FAE04EC0-301F-11D3-BF4B-00C04F79EFBC}") = "QuizGameServer", "QuizGameServer.csproj", "{343A87CE-2623-4032-8A6D-01AF54FF78EC}"
EndProject
Project("{FAE04EC0-301F-11D3-BF4B-00C04F79EFBC}") = "QuizGameClient", "..\QuizGameClient\QuizGameClient.csproj", "{EBF21050-4712-4AA7-9DB6-164DE74FB320}"
EndProject
Global
	GlobalSection(SolutionConfigurationPlatforms) = preSolution
		Debug|Any CPU = Debug|Any CPU
		Release|Any CPU = Release|Any CPU
	EndGlobalSection
	GlobalSection(ProjectConfigurationPlatforms) = postSolution
		{343A87CE-2623-4032-8A6D-01AF54FF78EC}.Debug|Any CPU.ActiveCfg = Debug|Any CPU
		{343A87CE-2623-4032-8A6D-01AF54FF78EC}.Debug|Any CPU.Build.0 = Debug|Any CPU
		{343A87CE-2623-4032-8A6D-01AF54FF78EC}.Release|Any CPU.ActiveCfg = Release|Any CPU
		{343A87CE-2623-4032-8A6D-01AF54FF78EC}.Release|Any CPU.Build.0 = Release|Any CPU
		{EBF21050-4712-4AA7-9DB6-164DE74FB320}.Debug|Any CPU.ActiveCfg = Debug|Any CPU
		{EBF21050-4712-4AA7-9DB6-164DE74FB320}.Debug|Any CPU.Build.0 = Debug|Any CPU
		{EBF21050-4712-4AA7-9DB6-164DE74FB320}.Release|Any CPU.ActiveCfg = Release|Any CPU
		{EBF21050-4712-4AA7-9DB6-164DE74FB320}.Release|Any CPU.Build.0 = Release|Any CPU
	EndGlobalSection
	GlobalSection(SolutionProperties) = preSolution
		HideSolutionNode = FALSE
	EndGlobalSection
	GlobalSection(ExtensibilityGlobals) = postSolution
		SolutionGuid = {F3C38D94-3F57-47A2-8F47-0EA425013804}
	EndGlobalSection
EndGlobal
